
Microsoft Visual Studio Solution File, Format Version 12.00
# Visual Studio Version 16
VisualStudioVersion = 16.0.31624.102
MinimumVisualStudioVersion = 10.0.40219.1
Project("{803FD0C6-D64E-4E16-9DC3-1DAEC859A3D2}") = "baer_motor_testbed_h7", "baer_motor_testbed_h7\baer_motor_testbed_h7.vgdbcmake", "{8AB80510-8AE8-46C2-884D-3A95163FA4F1}"
EndProject
Global
	GlobalSection(SolutionConfigurationPlatforms) = preSolution
		Debug|VisualGDB = Debug|VisualGDB
		MinSizeRel|VisualGDB = MinSizeRel|VisualGDB
		Release|VisualGDB = Release|VisualGDB
		RelWithDebInfo|VisualGDB = RelWithDebInfo|VisualGDB
	EndGlobalSection
	GlobalSection(ProjectConfigurationPlatforms) = postSolution
		{8AB80510-8AE8-46C2-884D-3A95163FA4F1}.Debug|VisualGDB.ActiveCfg = Debug|VisualGDB
		{8AB80510-8AE8-46C2-884D-3A95163FA4F1}.Debug|VisualGDB.Build.0 = Debug|VisualGDB
		{8AB80510-8AE8-46C2-884D-3A95163FA4F1}.MinSizeRel|VisualGDB.ActiveCfg = MinSizeRel|VisualGDB
		{8AB80510-8AE8-46C2-884D-3A95163FA4F1}.MinSizeRel|VisualGDB.Build.0 = MinSizeRel|VisualGDB
		{8AB80510-8AE8-46C2-884D-3A95163FA4F1}.Release|VisualGDB.ActiveCfg = Release|VisualGDB
		{8AB80510-8AE8-46C2-884D-3A95163FA4F1}.Release|VisualGDB.Build.0 = Release|VisualGDB
		{8AB80510-8AE8-46C2-884D-3A95163FA4F1}.RelWithDebInfo|VisualGDB.ActiveCfg = RelWithDebInfo|VisualGDB
		{8AB80510-8AE8-46C2-884D-3A95163FA4F1}.RelWithDebInfo|VisualGDB.Build.0 = RelWithDebInfo|VisualGDB
	EndGlobalSection
	GlobalSection(SolutionProperties) = preSolution
		HideSolutionNode = FALSE
	EndGlobalSection
	GlobalSection(ExtensibilityGlobals) = postSolution
		SolutionGuid = {C470441E-62D8-41E1-90D9-9597DE66F44E}
	EndGlobalSection
EndGlobal
